
Microsoft Visual Studio Solution File, Format Version 12.00
# Visual Studio Version 16
VisualStudioVersion = 16.0.31702.278
MinimumVisualStudioVersion = 10.0.40219.1
Project("{FAE04EC0-301F-11D3-BF4B-00C04F79EFBC}") = "Yung_Ching_Rehouse", "Yung_Ching_Rehouse.csproj", "{EE184E10-D120-4031-8EB2-21D13B55A210}"
EndProject
Global
	GlobalSection(SolutionConfigurationPlatforms) = preSolution
		Debug|Any CPU = Debug|Any CPU
		Release|Any CPU = Release|Any CPU
	EndGlobalSection
	GlobalSection(ProjectConfigurationPlatforms) = postSolution
		{EE184E10-D120-4031-8EB2-21D13B55A210}.Debug|Any CPU.ActiveCfg = Debug|Any CPU
		{EE184E10-D120-4031-8EB2-21D13B55A210}.Debug|Any CPU.Build.0 = Debug|Any CPU
		{EE184E10-D120-4031-8EB2-21D13B55A210}.Release|Any CPU.ActiveCfg = Release|Any CPU
		{EE184E10-D120-4031-8EB2-21D13B55A210}.Release|Any CPU.Build.0 = Release|Any CPU
	EndGlobalSection
	GlobalSection(SolutionProperties) = preSolution
		HideSolutionNode = FALSE
	EndGlobalSection
	GlobalSection(ExtensibilityGlobals) = postSolution
		SolutionGuid = {CDF83E85-A0D8-4912-9BF0-71523435113F}
	EndGlobalSection
EndGlobal
